
Microsoft Visual Studio Solution File, Format Version 12.00
# Visual Studio 15
VisualStudioVersion = 15.0.27004.2002
MinimumVisualStudioVersion = 10.0.40219.1
Project("{FAE04EC0-301F-11D3-BF4B-00C04F79EFBC}") = "Assignment4", "MsPaint\Assignment4.csproj", "{B119B84A-8399-4D77-90C3-0C472851C85E}"
EndProject
Global
	GlobalSection(SolutionConfigurationPlatforms) = preSolution
		Debug|Any CPU = Debug|Any CPU
		Release|Any CPU = Release|Any CPU
	EndGlobalSection
	GlobalSection(ProjectConfigurationPlatforms) = postSolution
		{B119B84A-8399-4D77-90C3-0C472851C85E}.Debug|Any CPU.ActiveCfg = Debug|Any CPU
		{B119B84A-8399-4D77-90C3-0C472851C85E}.Debug|Any CPU.Build.0 = Debug|Any CPU
		{B119B84A-8399-4D77-90C3-0C472851C85E}.Release|Any CPU.ActiveCfg = Release|Any CPU
		{B119B84A-8399-4D77-90C3-0C472851C85E}.Release|Any CPU.Build.0 = Release|Any CPU
	EndGlobalSection
	GlobalSection(SolutionProperties) = preSolution
		HideSolutionNode = FALSE
	EndGlobalSection
	GlobalSection(ExtensibilityGlobals) = postSolution
		SolutionGuid = {1B743A8F-AEDF-4DAC-846A-E17C2549E03D}
	EndGlobalSection
EndGlobal
