
Microsoft Visual Studio Solution File, Format Version 12.00
# Visual Studio 15
VisualStudioVersion = 15.0.27004.2002
MinimumVisualStudioVersion = 10.0.40219.1
Project("{FAE04EC0-301F-11D3-BF4B-00C04F79EFBC}") = "WindowsFormsApp2", "WindowsFormsApp2\WindowsFormsApp2.csproj", "{C5382370-D8DC-4F4F-8A26-D3695C77639E}"
EndProject
Global
	GlobalSection(SolutionConfigurationPlatforms) = preSolution
		Debug|Any CPU = Debug|Any CPU
		Release|Any CPU = Release|Any CPU
	EndGlobalSection
	GlobalSection(ProjectConfigurationPlatforms) = postSolution
		{C5382370-D8DC-4F4F-8A26-D3695C77639E}.Debug|Any CPU.ActiveCfg = Debug|Any CPU
		{C5382370-D8DC-4F4F-8A26-D3695C77639E}.Debug|Any CPU.Build.0 = Debug|Any CPU
		{C5382370-D8DC-4F4F-8A26-D3695C77639E}.Release|Any CPU.ActiveCfg = Release|Any CPU
		{C5382370-D8DC-4F4F-8A26-D3695C77639E}.Release|Any CPU.Build.0 = Release|Any CPU
	EndGlobalSection
	GlobalSection(SolutionProperties) = preSolution
		HideSolutionNode = FALSE
	EndGlobalSection
	GlobalSection(ExtensibilityGlobals) = postSolution
		SolutionGuid = {2B2CE036-8A96-485D-B874-BFDAA80506EA}
	EndGlobalSection
EndGlobal
