
Microsoft Visual Studio Solution File, Format Version 12.00
# Visual Studio 15
VisualStudioVersion = 15.0.27004.2002
MinimumVisualStudioVersion = 10.0.40219.1
Project("{FAE04EC0-301F-11D3-BF4B-00C04F79EFBC}") = "Assignment 6", "Assignment 6\Assignment 6.csproj", "{7390330E-0574-40FA-B520-6A3E64C8B50E}"
EndProject
Global
	GlobalSection(SolutionConfigurationPlatforms) = preSolution
		Debug|Any CPU = Debug|Any CPU
		Release|Any CPU = Release|Any CPU
	EndGlobalSection
	GlobalSection(ProjectConfigurationPlatforms) = postSolution
		{7390330E-0574-40FA-B520-6A3E64C8B50E}.Debug|Any CPU.ActiveCfg = Debug|Any CPU
		{7390330E-0574-40FA-B520-6A3E64C8B50E}.Debug|Any CPU.Build.0 = Debug|Any CPU
		{7390330E-0574-40FA-B520-6A3E64C8B50E}.Release|Any CPU.ActiveCfg = Release|Any CPU
		{7390330E-0574-40FA-B520-6A3E64C8B50E}.Release|Any CPU.Build.0 = Release|Any CPU
	EndGlobalSection
	GlobalSection(SolutionProperties) = preSolution
		HideSolutionNode = FALSE
	EndGlobalSection
	GlobalSection(ExtensibilityGlobals) = postSolution
		SolutionGuid = {7D7FFD54-29A1-41E9-8FA1-33C4F77227E6}
	EndGlobalSection
EndGlobal
